// !$*UTF8*$!
{
	archiveVersion = 1;
	classes = {
	};
	objectVersion = 56;
	objects = {

/* Begin PBXBuildFile section */
		202DDA422B69F7CF00BD3109 /* TapRxApp.swift in Sources */ = {isa = PBXBuildFile; fileRef = 202DDA412B69F7CF00BD3109 /* TapRxApp.swift */; };
		20899E502B6CD59D00987CE5 /* HomeView.swift in Sources */ = {isa = PBXBuildFile; fileRef = 20899E4F2B6CD59D00987CE5 /* HomeView.swift */; };
		20E2C0FB2B6D433900F0AD6B /* CalendarView.swift in Sources */ = {isa = PBXBuildFile; fileRef = 20E2C0FA2B6D433900F0AD6B /* CalendarView.swift */; };
		20E2C0FD2B6D466B00F0AD6B /* MainView.swift in Sources */ = {isa = PBXBuildFile; fileRef = 20E2C0FC2B6D466B00F0AD6B /* MainView.swift */; };
		20E2C0FF2B6D55FC00F0AD6B /* MedicationView.swift in Sources */ = {isa = PBXBuildFile; fileRef = 20E2C0FE2B6D55FC00F0AD6B /* MedicationView.swift */; };
		20E2C1012B6D59FA00F0AD6B /* UserView.swift in Sources */ = {isa = PBXBuildFile; fileRef = 20E2C1002B6D59FA00F0AD6B /* UserView.swift */; };
		D70ED44E2BC634CD0095369F /* Medications.swift in Sources */ = {isa = PBXBuildFile; fileRef = D70ED44D2BC634CD0095369F /* Medications.swift */; };
		D70ED44F2BC636770095369F /* DeleteMedicationByIdAPITest.swift in Sources */ = {isa = PBXBuildFile; fileRef = D70ED44C2BC6346C0095369F /* DeleteMedicationByIdAPITest.swift */; };
		D70ED4502BC636800095369F /* GetMedicationsAPITest.swift in Sources */ = {isa = PBXBuildFile; fileRef = D70ED4472BC6300A0095369F /* GetMedicationsAPITest.swift */; };
		D70ED4512BC636840095369F /* CreateMedicationAPITest.swift in Sources */ = {isa = PBXBuildFile; fileRef = D70ED44A2BC6300A0095369F /* CreateMedicationAPITest.swift */; };
		D70ED4522BC636880095369F /* GetMedicationByIdAPITest.swift in Sources */ = {isa = PBXBuildFile; fileRef = D70ED4482BC6300A0095369F /* GetMedicationByIdAPITest.swift */; };
		D70ED4542BC6375E0095369F /* UpdateMedicationAPITest.swift in Sources */ = {isa = PBXBuildFile; fileRef = D70ED4532BC6375E0095369F /* UpdateMedicationAPITest.swift */; };
		D70ED4572BC63D260095369F /* GetUserByIdAPITest.swift in Sources */ = {isa = PBXBuildFile; fileRef = D70ED4562BC63D260095369F /* GetUserByIdAPITest.swift */; };
		D70ED4592BC63D350095369F /* GetUsersAPITest.swift in Sources */ = {isa = PBXBuildFile; fileRef = D70ED4582BC63D350095369F /* GetUsersAPITest.swift */; };
		D70ED45B2BC63D550095369F /* CreateUserAPITest.swift in Sources */ = {isa = PBXBuildFile; fileRef = D70ED45A2BC63D550095369F /* CreateUserAPITest.swift */; };
		D70ED45D2BC63D6A0095369F /* UpdateUserAPITest.swift in Sources */ = {isa = PBXBuildFile; fileRef = D70ED45C2BC63D6A0095369F /* UpdateUserAPITest.swift */; };
		D70ED4602BC64AE80095369F /* CreateDependentAPITest.swift in Sources */ = {isa = PBXBuildFile; fileRef = D70ED45F2BC64AE80095369F /* CreateDependentAPITest.swift */; };
		D70ED4632BC64C5E0095369F /* Dependants.swift in Sources */ = {isa = PBXBuildFile; fileRef = D70ED4622BC64C5E0095369F /* Dependants.swift */; };
		D70ED4652BC651200095369F /* GetDependantsAPITest.swift in Sources */ = {isa = PBXBuildFile; fileRef = D70ED4642BC651200095369F /* GetDependantsAPITest.swift */; };
		D70ED4672BC651370095369F /* GetDependantByIdAPITest.swift in Sources */ = {isa = PBXBuildFile; fileRef = D70ED4662BC651370095369F /* GetDependantByIdAPITest.swift */; };
		D70ED4692BC651470095369F /* UpdateDependantByIdAPITest.swift in Sources */ = {isa = PBXBuildFile; fileRef = D70ED4682BC651470095369F /* UpdateDependantByIdAPITest.swift */; };
		D70ED46B2BC651560095369F /* DeleteDependantByIdAPITest.swift in Sources */ = {isa = PBXBuildFile; fileRef = D70ED46A2BC651560095369F /* DeleteDependantByIdAPITest.swift */; };
		D72AA5862B71768700EE58E8 /* Photo Assets.xcassets in Resources */ = {isa = PBXBuildFile; fileRef = D72AA5852B71768700EE58E8 /* Photo Assets.xcassets */; };
		D72AA5882B752B7400EE58E8 /* AccountUserView.swift in Sources */ = {isa = PBXBuildFile; fileRef = D72AA5872B752B7400EE58E8 /* AccountUserView.swift */; };
		D76003932BAE897300AC36F3 /* FirebaseAnalytics in Frameworks */ = {isa = PBXBuildFile; productRef = D76003922BAE897300AC36F3 /* FirebaseAnalytics */; };
		D76003952BAE897300AC36F3 /* FirebaseAnalyticsOnDeviceConversion in Frameworks */ = {isa = PBXBuildFile; productRef = D76003942BAE897300AC36F3 /* FirebaseAnalyticsOnDeviceConversion */; };
		D76003972BAE897300AC36F3 /* FirebaseAnalyticsSwift in Frameworks */ = {isa = PBXBuildFile; productRef = D76003962BAE897300AC36F3 /* FirebaseAnalyticsSwift */; };
		D76003992BAE897300AC36F3 /* FirebaseAnalyticsWithoutAdIdSupport in Frameworks */ = {isa = PBXBuildFile; productRef = D76003982BAE897300AC36F3 /* FirebaseAnalyticsWithoutAdIdSupport */; };
		D760039B2BAE897300AC36F3 /* FirebaseAppCheck in Frameworks */ = {isa = PBXBuildFile; productRef = D760039A2BAE897300AC36F3 /* FirebaseAppCheck */; };
		D760039D2BAE897300AC36F3 /* FirebaseAppDistribution-Beta in Frameworks */ = {isa = PBXBuildFile; productRef = D760039C2BAE897300AC36F3 /* FirebaseAppDistribution-Beta */; };
		D760039F2BAE897300AC36F3 /* FirebaseCrashlytics in Frameworks */ = {isa = PBXBuildFile; productRef = D760039E2BAE897300AC36F3 /* FirebaseCrashlytics */; };
		D76003A12BAE897300AC36F3 /* FirebaseDatabase in Frameworks */ = {isa = PBXBuildFile; productRef = D76003A02BAE897300AC36F3 /* FirebaseDatabase */; };
		D76003A32BAE897300AC36F3 /* FirebaseDatabaseSwift in Frameworks */ = {isa = PBXBuildFile; productRef = D76003A22BAE897300AC36F3 /* FirebaseDatabaseSwift */; };
		D76003A52BAE897300AC36F3 /* FirebaseDynamicLinks in Frameworks */ = {isa = PBXBuildFile; productRef = D76003A42BAE897300AC36F3 /* FirebaseDynamicLinks */; };
		D76003A72BAE897300AC36F3 /* FirebaseFirestore in Frameworks */ = {isa = PBXBuildFile; productRef = D76003A62BAE897300AC36F3 /* FirebaseFirestore */; };
		D76003A92BAE897300AC36F3 /* FirebaseFirestoreCombine-Community in Frameworks */ = {isa = PBXBuildFile; productRef = D76003A82BAE897300AC36F3 /* FirebaseFirestoreCombine-Community */; };
		D76003AB2BAE897300AC36F3 /* FirebaseFirestoreSwift in Frameworks */ = {isa = PBXBuildFile; productRef = D76003AA2BAE897300AC36F3 /* FirebaseFirestoreSwift */; };
		D76003AD2BAE897300AC36F3 /* FirebaseFunctions in Frameworks */ = {isa = PBXBuildFile; productRef = D76003AC2BAE897300AC36F3 /* FirebaseFunctions */; };
		D76003AF2BAE897300AC36F3 /* FirebaseFunctionsCombine-Community in Frameworks */ = {isa = PBXBuildFile; productRef = D76003AE2BAE897300AC36F3 /* FirebaseFunctionsCombine-Community */; };
		D76003B12BAE897300AC36F3 /* FirebaseInAppMessaging-Beta in Frameworks */ = {isa = PBXBuildFile; productRef = D76003B02BAE897300AC36F3 /* FirebaseInAppMessaging-Beta */; };
		D76003B32BAE897300AC36F3 /* FirebaseInAppMessagingSwift-Beta in Frameworks */ = {isa = PBXBuildFile; productRef = D76003B22BAE897300AC36F3 /* FirebaseInAppMessagingSwift-Beta */; };
		D76003B52BAE897300AC36F3 /* FirebaseInstallations in Frameworks */ = {isa = PBXBuildFile; productRef = D76003B42BAE897300AC36F3 /* FirebaseInstallations */; };
		D76003B72BAE897300AC36F3 /* FirebaseMLModelDownloader in Frameworks */ = {isa = PBXBuildFile; productRef = D76003B62BAE897300AC36F3 /* FirebaseMLModelDownloader */; };
		D76003B92BAE897300AC36F3 /* FirebaseMessaging in Frameworks */ = {isa = PBXBuildFile; productRef = D76003B82BAE897300AC36F3 /* FirebaseMessaging */; };
		D76003BB2BAE897300AC36F3 /* FirebasePerformance in Frameworks */ = {isa = PBXBuildFile; productRef = D76003BA2BAE897300AC36F3 /* FirebasePerformance */; };
		D76003BD2BAE897300AC36F3 /* FirebaseRemoteConfig in Frameworks */ = {isa = PBXBuildFile; productRef = D76003BC2BAE897300AC36F3 /* FirebaseRemoteConfig */; };
		D76003BF2BAE897300AC36F3 /* FirebaseRemoteConfigSwift in Frameworks */ = {isa = PBXBuildFile; productRef = D76003BE2BAE897300AC36F3 /* FirebaseRemoteConfigSwift */; };
		D76003C12BAE897300AC36F3 /* FirebaseStorage in Frameworks */ = {isa = PBXBuildFile; productRef = D76003C02BAE897300AC36F3 /* FirebaseStorage */; };
		D76003C32BAE897300AC36F3 /* FirebaseStorageCombine-Community in Frameworks */ = {isa = PBXBuildFile; productRef = D76003C22BAE897300AC36F3 /* FirebaseStorageCombine-Community */; };
		D7765A4D2BC9B14F00FBEB14 /* CreateMedEventAPITest.swift in Sources */ = {isa = PBXBuildFile; fileRef = D7765A4C2BC9B14F00FBEB14 /* CreateMedEventAPITest.swift */; };
		D7765A4F2BC9B3B500FBEB14 /* MedEvents.swift in Sources */ = {isa = PBXBuildFile; fileRef = D7765A4E2BC9B3B500FBEB14 /* MedEvents.swift */; };
		D7D4B2012BC9F74C00E03C01 /* GetMedEventsByUserAPITest.swift in Sources */ = {isa = PBXBuildFile; fileRef = D7D4B2002BC9F74C00E03C01 /* GetMedEventsByUserAPITest.swift */; };
		D7DB59702B83DEC800FF60FF /* User.swift in Sources */ = {isa = PBXBuildFile; fileRef = D7DB596F2B83DEC800FF60FF /* User.swift */; };
		D7DB59AE2B83E4DC00FF60FF /* GoogleService-Info.plist in Resources */ = {isa = PBXBuildFile; fileRef = D7DB59AD2B83E4DC00FF60FF /* GoogleService-Info.plist */; };
		D7DB59B12B83E57400FF60FF /* FirebaseAuth in Frameworks */ = {isa = PBXBuildFile; productRef = D7DB59B02B83E57400FF60FF /* FirebaseAuth */; };
		D7DB59B32B83E57400FF60FF /* FirebaseAuthCombine-Community in Frameworks */ = {isa = PBXBuildFile; productRef = D7DB59B22B83E57400FF60FF /* FirebaseAuthCombine-Community */; };
		D7DB59B72B8459E200FF60FF /* SplashScreenView.swift in Sources */ = {isa = PBXBuildFile; fileRef = D7DB59B62B8459E200FF60FF /* SplashScreenView.swift */; };
		D7F4D3002B6C713D007B3B7C /* LogoView.swift in Sources */ = {isa = PBXBuildFile; fileRef = D7F4D2FF2B6C713D007B3B7C /* LogoView.swift */; };
		D7F4D3042B6C8931007B3B7C /* Colors.swift in Sources */ = {isa = PBXBuildFile; fileRef = D7F4D3032B6C8931007B3B7C /* Colors.swift */; };
		D7F4D3062B6C92F3007B3B7C /* LockIcon.swift in Sources */ = {isa = PBXBuildFile; fileRef = D7F4D3052B6C92F3007B3B7C /* LockIcon.swift */; };
		D7F4D30D2B6CC070007B3B7C /* SettingsHomeView.swift in Sources */ = {isa = PBXBuildFile; fileRef = D7F4D30C2B6CC070007B3B7C /* SettingsHomeView.swift */; };
		D7F4D30F2B6CC213007B3B7C /* SettingsHistoryView.swift in Sources */ = {isa = PBXBuildFile; fileRef = D7F4D30E2B6CC213007B3B7C /* SettingsHistoryView.swift */; };
		D7F4D3112B6CC22B007B3B7C /* SettingsUserView.swift in Sources */ = {isa = PBXBuildFile; fileRef = D7F4D3102B6CC22B007B3B7C /* SettingsUserView.swift */; };
		D7F4D3132B6CC23C007B3B7C /* SettingsAccountView.swift in Sources */ = {isa = PBXBuildFile; fileRef = D7F4D3122B6CC23C007B3B7C /* SettingsAccountView.swift */; };
		D7F4D3162B6CC99F007B3B7C /* AccountManageView.swift in Sources */ = {isa = PBXBuildFile; fileRef = D7F4D3152B6CC99F007B3B7C /* AccountManageView.swift */; };
		D7FAF8232B6B54CD00C0A303 /* LoginView.swift in Sources */ = {isa = PBXBuildFile; fileRef = D7FAF8222B6B54CD00C0A303 /* LoginView.swift */; };
		D7FAF8252B6B54DD00C0A303 /* RegisterView.swift in Sources */ = {isa = PBXBuildFile; fileRef = D7FAF8242B6B54DD00C0A303 /* RegisterView.swift */; };
		D7FAF8272B6B54EE00C0A303 /* ForgotPasswordView.swift in Sources */ = {isa = PBXBuildFile; fileRef = D7FAF8262B6B54EE00C0A303 /* ForgotPasswordView.swift */; };
/* End PBXBuildFile section */

/* Begin PBXFileReference section */
		202DDA3E2B69F7CF00BD3109 /* tap-rx-frontend.app */ = {isa = PBXFileReference; explicitFileType = wrapper.application; includeInIndex = 0; path = "tap-rx-frontend.app"; sourceTree = BUILT_PRODUCTS_DIR; };
		202DDA412B69F7CF00BD3109 /* TapRxApp.swift */ = {isa = PBXFileReference; lastKnownFileType = sourcecode.swift; path = TapRxApp.swift; sourceTree = "<group>"; };
		20899E4F2B6CD59D00987CE5 /* HomeView.swift */ = {isa = PBXFileReference; lastKnownFileType = sourcecode.swift; path = HomeView.swift; sourceTree = "<group>"; };
		20E2C0FA2B6D433900F0AD6B /* CalendarView.swift */ = {isa = PBXFileReference; lastKnownFileType = sourcecode.swift; path = CalendarView.swift; sourceTree = "<group>"; };
		20E2C0FC2B6D466B00F0AD6B /* MainView.swift */ = {isa = PBXFileReference; lastKnownFileType = sourcecode.swift; path = MainView.swift; sourceTree = "<group>"; };
		20E2C0FE2B6D55FC00F0AD6B /* MedicationView.swift */ = {isa = PBXFileReference; lastKnownFileType = sourcecode.swift; path = MedicationView.swift; sourceTree = "<group>"; };
		20E2C1002B6D59FA00F0AD6B /* UserView.swift */ = {isa = PBXFileReference; lastKnownFileType = sourcecode.swift; path = UserView.swift; sourceTree = "<group>"; };
		D70ED4472BC6300A0095369F /* GetMedicationsAPITest.swift */ = {isa = PBXFileReference; lastKnownFileType = sourcecode.swift; path = GetMedicationsAPITest.swift; sourceTree = "<group>"; };
		D70ED4482BC6300A0095369F /* GetMedicationByIdAPITest.swift */ = {isa = PBXFileReference; lastKnownFileType = sourcecode.swift; path = GetMedicationByIdAPITest.swift; sourceTree = "<group>"; };
		D70ED44A2BC6300A0095369F /* CreateMedicationAPITest.swift */ = {isa = PBXFileReference; lastKnownFileType = sourcecode.swift; path = CreateMedicationAPITest.swift; sourceTree = "<group>"; };
		D70ED44C2BC6346C0095369F /* DeleteMedicationByIdAPITest.swift */ = {isa = PBXFileReference; lastKnownFileType = sourcecode.swift; path = DeleteMedicationByIdAPITest.swift; sourceTree = "<group>"; };
		D70ED44D2BC634CD0095369F /* Medications.swift */ = {isa = PBXFileReference; lastKnownFileType = sourcecode.swift; path = Medications.swift; sourceTree = "<group>"; };
		D70ED4532BC6375E0095369F /* UpdateMedicationAPITest.swift */ = {isa = PBXFileReference; lastKnownFileType = sourcecode.swift; path = UpdateMedicationAPITest.swift; sourceTree = "<group>"; };
		D70ED4562BC63D260095369F /* GetUserByIdAPITest.swift */ = {isa = PBXFileReference; lastKnownFileType = sourcecode.swift; path = GetUserByIdAPITest.swift; sourceTree = "<group>"; };
		D70ED4582BC63D350095369F /* GetUsersAPITest.swift */ = {isa = PBXFileReference; lastKnownFileType = sourcecode.swift; path = GetUsersAPITest.swift; sourceTree = "<group>"; };
		D70ED45A2BC63D550095369F /* CreateUserAPITest.swift */ = {isa = PBXFileReference; lastKnownFileType = sourcecode.swift; path = CreateUserAPITest.swift; sourceTree = "<group>"; };
		D70ED45C2BC63D6A0095369F /* UpdateUserAPITest.swift */ = {isa = PBXFileReference; lastKnownFileType = sourcecode.swift; path = UpdateUserAPITest.swift; sourceTree = "<group>"; };
		D70ED45F2BC64AE80095369F /* CreateDependentAPITest.swift */ = {isa = PBXFileReference; lastKnownFileType = sourcecode.swift; path = CreateDependentAPITest.swift; sourceTree = "<group>"; };
		D70ED4622BC64C5E0095369F /* Dependants.swift */ = {isa = PBXFileReference; lastKnownFileType = sourcecode.swift; path = Dependants.swift; sourceTree = "<group>"; };
		D70ED4642BC651200095369F /* GetDependantsAPITest.swift */ = {isa = PBXFileReference; lastKnownFileType = sourcecode.swift; path = GetDependantsAPITest.swift; sourceTree = "<group>"; };
		D70ED4662BC651370095369F /* GetDependantByIdAPITest.swift */ = {isa = PBXFileReference; lastKnownFileType = sourcecode.swift; path = GetDependantByIdAPITest.swift; sourceTree = "<group>"; };
		D70ED4682BC651470095369F /* UpdateDependantByIdAPITest.swift */ = {isa = PBXFileReference; lastKnownFileType = sourcecode.swift; path = UpdateDependantByIdAPITest.swift; sourceTree = "<group>"; };
		D70ED46A2BC651560095369F /* DeleteDependantByIdAPITest.swift */ = {isa = PBXFileReference; lastKnownFileType = sourcecode.swift; path = DeleteDependantByIdAPITest.swift; sourceTree = "<group>"; };
		D72AA5852B71768700EE58E8 /* Photo Assets.xcassets */ = {isa = PBXFileReference; lastKnownFileType = folder.assetcatalog; path = "Photo Assets.xcassets"; sourceTree = "<group>"; };
		D72AA5872B752B7400EE58E8 /* AccountUserView.swift */ = {isa = PBXFileReference; lastKnownFileType = sourcecode.swift; path = AccountUserView.swift; sourceTree = "<group>"; };
		D7765A4C2BC9B14F00FBEB14 /* CreateMedEventAPITest.swift */ = {isa = PBXFileReference; lastKnownFileType = sourcecode.swift; path = CreateMedEventAPITest.swift; sourceTree = "<group>"; };
		D7765A4E2BC9B3B500FBEB14 /* MedEvents.swift */ = {isa = PBXFileReference; lastKnownFileType = sourcecode.swift; path = MedEvents.swift; sourceTree = "<group>"; };
		D7D4B2002BC9F74C00E03C01 /* GetMedEventsByUserAPITest.swift */ = {isa = PBXFileReference; lastKnownFileType = sourcecode.swift; path = GetMedEventsByUserAPITest.swift; sourceTree = "<group>"; };
		D7DB596F2B83DEC800FF60FF /* User.swift */ = {isa = PBXFileReference; lastKnownFileType = sourcecode.swift; path = User.swift; sourceTree = "<group>"; };
		D7DB59AD2B83E4DC00FF60FF /* GoogleService-Info.plist */ = {isa = PBXFileReference; fileEncoding = 4; lastKnownFileType = text.plist.xml; path = "GoogleService-Info.plist"; sourceTree = "<group>"; };
		D7DB59B62B8459E200FF60FF /* SplashScreenView.swift */ = {isa = PBXFileReference; lastKnownFileType = sourcecode.swift; path = SplashScreenView.swift; sourceTree = "<group>"; };
		D7F4D2FF2B6C713D007B3B7C /* LogoView.swift */ = {isa = PBXFileReference; lastKnownFileType = sourcecode.swift; path = LogoView.swift; sourceTree = "<group>"; };
		D7F4D3032B6C8931007B3B7C /* Colors.swift */ = {isa = PBXFileReference; lastKnownFileType = sourcecode.swift; path = Colors.swift; sourceTree = "<group>"; };
		D7F4D3052B6C92F3007B3B7C /* LockIcon.swift */ = {isa = PBXFileReference; lastKnownFileType = sourcecode.swift; path = LockIcon.swift; sourceTree = "<group>"; };
		D7F4D30C2B6CC070007B3B7C /* SettingsHomeView.swift */ = {isa = PBXFileReference; lastKnownFileType = sourcecode.swift; path = SettingsHomeView.swift; sourceTree = "<group>"; };
		D7F4D30E2B6CC213007B3B7C /* SettingsHistoryView.swift */ = {isa = PBXFileReference; lastKnownFileType = sourcecode.swift; path = SettingsHistoryView.swift; sourceTree = "<group>"; };
		D7F4D3102B6CC22B007B3B7C /* SettingsUserView.swift */ = {isa = PBXFileReference; lastKnownFileType = sourcecode.swift; path = SettingsUserView.swift; sourceTree = "<group>"; };
		D7F4D3122B6CC23C007B3B7C /* SettingsAccountView.swift */ = {isa = PBXFileReference; lastKnownFileType = sourcecode.swift; path = SettingsAccountView.swift; sourceTree = "<group>"; };
		D7F4D3152B6CC99F007B3B7C /* AccountManageView.swift */ = {isa = PBXFileReference; lastKnownFileType = sourcecode.swift; path = AccountManageView.swift; sourceTree = "<group>"; };
		D7FAF8222B6B54CD00C0A303 /* LoginView.swift */ = {isa = PBXFileReference; lastKnownFileType = sourcecode.swift; path = LoginView.swift; sourceTree = "<group>"; };
		D7FAF8242B6B54DD00C0A303 /* RegisterView.swift */ = {isa = PBXFileReference; lastKnownFileType = sourcecode.swift; path = RegisterView.swift; sourceTree = "<group>"; };
		D7FAF8262B6B54EE00C0A303 /* ForgotPasswordView.swift */ = {isa = PBXFileReference; lastKnownFileType = sourcecode.swift; path = ForgotPasswordView.swift; sourceTree = "<group>"; };
/* End PBXFileReference section */

/* Begin PBXFrameworksBuildPhase section */
		202DDA3B2B69F7CF00BD3109 /* Frameworks */ = {
			isa = PBXFrameworksBuildPhase;
			buildActionMask = 2147483647;
			files = (
				D76003A12BAE897300AC36F3 /* FirebaseDatabase in Frameworks */,
				D76003AF2BAE897300AC36F3 /* FirebaseFunctionsCombine-Community in Frameworks */,
				D76003A72BAE897300AC36F3 /* FirebaseFirestore in Frameworks */,
				D7DB59B12B83E57400FF60FF /* FirebaseAuth in Frameworks */,
				D76003992BAE897300AC36F3 /* FirebaseAnalyticsWithoutAdIdSupport in Frameworks */,
				D7DB59B32B83E57400FF60FF /* FirebaseAuthCombine-Community in Frameworks */,
				D76003B72BAE897300AC36F3 /* FirebaseMLModelDownloader in Frameworks */,
				D76003AB2BAE897300AC36F3 /* FirebaseFirestoreSwift in Frameworks */,
				D76003932BAE897300AC36F3 /* FirebaseAnalytics in Frameworks */,
				D760039B2BAE897300AC36F3 /* FirebaseAppCheck in Frameworks */,
				D76003952BAE897300AC36F3 /* FirebaseAnalyticsOnDeviceConversion in Frameworks */,
				D760039F2BAE897300AC36F3 /* FirebaseCrashlytics in Frameworks */,
				D76003BF2BAE897300AC36F3 /* FirebaseRemoteConfigSwift in Frameworks */,
				D76003B12BAE897300AC36F3 /* FirebaseInAppMessaging-Beta in Frameworks */,
				D76003A32BAE897300AC36F3 /* FirebaseDatabaseSwift in Frameworks */,
				D76003AD2BAE897300AC36F3 /* FirebaseFunctions in Frameworks */,
				D76003C32BAE897300AC36F3 /* FirebaseStorageCombine-Community in Frameworks */,
				D76003BD2BAE897300AC36F3 /* FirebaseRemoteConfig in Frameworks */,
				D76003972BAE897300AC36F3 /* FirebaseAnalyticsSwift in Frameworks */,
				D760039D2BAE897300AC36F3 /* FirebaseAppDistribution-Beta in Frameworks */,
				D76003BB2BAE897300AC36F3 /* FirebasePerformance in Frameworks */,
				D76003B32BAE897300AC36F3 /* FirebaseInAppMessagingSwift-Beta in Frameworks */,
				D76003C12BAE897300AC36F3 /* FirebaseStorage in Frameworks */,
				D76003A52BAE897300AC36F3 /* FirebaseDynamicLinks in Frameworks */,
				D76003A92BAE897300AC36F3 /* FirebaseFirestoreCombine-Community in Frameworks */,
				D76003B92BAE897300AC36F3 /* FirebaseMessaging in Frameworks */,
				D76003B52BAE897300AC36F3 /* FirebaseInstallations in Frameworks */,
			);
			runOnlyForDeploymentPostprocessing = 0;
		};
/* End PBXFrameworksBuildPhase section */

/* Begin PBXGroup section */
		202DDA352B69F7CF00BD3109 = {
			isa = PBXGroup;
			children = (
				202DDA402B69F7CF00BD3109 /* tap-rx-frontend */,
				202DDA3F2B69F7CF00BD3109 /* Products */,
			);
			sourceTree = "<group>";
		};
		202DDA3F2B69F7CF00BD3109 /* Products */ = {
			isa = PBXGroup;
			children = (
				202DDA3E2B69F7CF00BD3109 /* tap-rx-frontend.app */,
			);
			name = Products;
			sourceTree = "<group>";
		};
		202DDA402B69F7CF00BD3109 /* tap-rx-frontend */ = {
			isa = PBXGroup;
			children = (
				D7DB59AD2B83E4DC00FF60FF /* GoogleService-Info.plist */,
				20899E4E2B6CD54500987CE5 /* Main */,
				D7F4D30B2B6CC03F007B3B7C /* Settings */,
				D7F4D2FE2B6C712A007B3B7C /* Assets */,
				D7FAF8212B6B54B500C0A303 /* LoginRegister */,
				202DDA412B69F7CF00BD3109 /* TapRxApp.swift */,
				D7DB59712B83E07A00FF60FF /* FirebaseAPI */,
			);
			path = "tap-rx-frontend";
			sourceTree = "<group>";
		};
		20899E4E2B6CD54500987CE5 /* Main */ = {
			isa = PBXGroup;
			children = (
				20899E4F2B6CD59D00987CE5 /* HomeView.swift */,
				20E2C0FA2B6D433900F0AD6B /* CalendarView.swift */,
				20E2C0FC2B6D466B00F0AD6B /* MainView.swift */,
				20E2C0FE2B6D55FC00F0AD6B /* MedicationView.swift */,
				20E2C1002B6D59FA00F0AD6B /* UserView.swift */,
			);
			path = Main;
			sourceTree = "<group>";
		};
		D70ED4462BC630000095369F /* Medications */ = {
			isa = PBXGroup;
			children = (
				D70ED44C2BC6346C0095369F /* DeleteMedicationByIdAPITest.swift */,
				D70ED4472BC6300A0095369F /* GetMedicationsAPITest.swift */,
				D70ED44A2BC6300A0095369F /* CreateMedicationAPITest.swift */,
				D70ED4482BC6300A0095369F /* GetMedicationByIdAPITest.swift */,
				D70ED4532BC6375E0095369F /* UpdateMedicationAPITest.swift */,
			);
			path = Medications;
			sourceTree = "<group>";
		};
		D70ED4552BC63D080095369F /* Users */ = {
			isa = PBXGroup;
			children = (
				D70ED4562BC63D260095369F /* GetUserByIdAPITest.swift */,
				D70ED4582BC63D350095369F /* GetUsersAPITest.swift */,
				D70ED45A2BC63D550095369F /* CreateUserAPITest.swift */,
				D70ED45C2BC63D6A0095369F /* UpdateUserAPITest.swift */,
			);
			path = Users;
			sourceTree = "<group>";
		};
		D70ED45E2BC64A5C0095369F /* Dependents */ = {
			isa = PBXGroup;
			children = (
				D70ED45F2BC64AE80095369F /* CreateDependentAPITest.swift */,
				D70ED4642BC651200095369F /* GetDependantsAPITest.swift */,
				D70ED4662BC651370095369F /* GetDependantByIdAPITest.swift */,
				D70ED4682BC651470095369F /* UpdateDependantByIdAPITest.swift */,
				D70ED46A2BC651560095369F /* DeleteDependantByIdAPITest.swift */,
			);
			path = Dependents;
			sourceTree = "<group>";
		};
		D70ED4612BC64C340095369F /* ClassDefinitions */ = {
			isa = PBXGroup;
			children = (
				D7DB596F2B83DEC800FF60FF /* User.swift */,
				D70ED44D2BC634CD0095369F /* Medications.swift */,
				D70ED4622BC64C5E0095369F /* Dependants.swift */,
				D7765A4E2BC9B3B500FBEB14 /* MedEvents.swift */,
			);
			path = ClassDefinitions;
			sourceTree = "<group>";
		};
		D7765A4B2BC9B07900FBEB14 /* MedicationEvents */ = {
			isa = PBXGroup;
			children = (
				D7765A4C2BC9B14F00FBEB14 /* CreateMedEventAPITest.swift */,
				D7D4B2002BC9F74C00E03C01 /* GetMedEventsByUserAPITest.swift */,
			);
			path = MedicationEvents;
			sourceTree = "<group>";
		};
		D7DB59712B83E07A00FF60FF /* FirebaseAPI */ = {
			isa = PBXGroup;
			children = (
				D7765A4B2BC9B07900FBEB14 /* MedicationEvents */,
				D70ED45E2BC64A5C0095369F /* Dependents */,
				D70ED4552BC63D080095369F /* Users */,
				D70ED4462BC630000095369F /* Medications */,
			);
			path = FirebaseAPI;
			sourceTree = "<group>";
		};
		D7F4D2FE2B6C712A007B3B7C /* Assets */ = {
			isa = PBXGroup;
			children = (
				D70ED4612BC64C340095369F /* ClassDefinitions */,
				D72AA5852B71768700EE58E8 /* Photo Assets.xcassets */,
				D7F4D2FF2B6C713D007B3B7C /* LogoView.swift */,
				D7F4D3032B6C8931007B3B7C /* Colors.swift */,
				D7F4D3052B6C92F3007B3B7C /* LockIcon.swift */,
				D7DB59B62B8459E200FF60FF /* SplashScreenView.swift */,
			);
			path = Assets;
			sourceTree = "<group>";
		};
		D7F4D30B2B6CC03F007B3B7C /* Settings */ = {
			isa = PBXGroup;
			children = (
				D7F4D3142B6CC97E007B3B7C /* SettingAssets */,
				D7F4D30C2B6CC070007B3B7C /* SettingsHomeView.swift */,
				D7F4D3122B6CC23C007B3B7C /* SettingsAccountView.swift */,
				D7F4D30E2B6CC213007B3B7C /* SettingsHistoryView.swift */,
				D7F4D3102B6CC22B007B3B7C /* SettingsUserView.swift */,
			);
			path = Settings;
			sourceTree = "<group>";
		};
		D7F4D3142B6CC97E007B3B7C /* SettingAssets */ = {
			isa = PBXGroup;
			children = (
				D7F4D3152B6CC99F007B3B7C /* AccountManageView.swift */,
				D72AA5872B752B7400EE58E8 /* AccountUserView.swift */,
			);
			path = SettingAssets;
			sourceTree = "<group>";
		};
		D7FAF8212B6B54B500C0A303 /* LoginRegister */ = {
			isa = PBXGroup;
			children = (
				D7FAF8222B6B54CD00C0A303 /* LoginView.swift */,
				D7FAF8242B6B54DD00C0A303 /* RegisterView.swift */,
				D7FAF8262B6B54EE00C0A303 /* ForgotPasswordView.swift */,
			);
			path = LoginRegister;
			sourceTree = "<group>";
		};
/* End PBXGroup section */

/* Begin PBXNativeTarget section */
		202DDA3D2B69F7CF00BD3109 /* tap-rx-frontend */ = {
			isa = PBXNativeTarget;
			buildConfigurationList = 202DDA4C2B69F7D100BD3109 /* Build configuration list for PBXNativeTarget "tap-rx-frontend" */;
			buildPhases = (
				202DDA3A2B69F7CF00BD3109 /* Sources */,
				202DDA3B2B69F7CF00BD3109 /* Frameworks */,
				202DDA3C2B69F7CF00BD3109 /* Resources */,
			);
			buildRules = (
			);
			dependencies = (
			);
			name = "tap-rx-frontend";
			packageProductDependencies = (
				D7DB59B02B83E57400FF60FF /* FirebaseAuth */,
				D7DB59B22B83E57400FF60FF /* FirebaseAuthCombine-Community */,
				D76003922BAE897300AC36F3 /* FirebaseAnalytics */,
				D76003942BAE897300AC36F3 /* FirebaseAnalyticsOnDeviceConversion */,
				D76003962BAE897300AC36F3 /* FirebaseAnalyticsSwift */,
				D76003982BAE897300AC36F3 /* FirebaseAnalyticsWithoutAdIdSupport */,
				D760039A2BAE897300AC36F3 /* FirebaseAppCheck */,
				D760039C2BAE897300AC36F3 /* FirebaseAppDistribution-Beta */,
				D760039E2BAE897300AC36F3 /* FirebaseCrashlytics */,
				D76003A02BAE897300AC36F3 /* FirebaseDatabase */,
				D76003A22BAE897300AC36F3 /* FirebaseDatabaseSwift */,
				D76003A42BAE897300AC36F3 /* FirebaseDynamicLinks */,
				D76003A62BAE897300AC36F3 /* FirebaseFirestore */,
				D76003A82BAE897300AC36F3 /* FirebaseFirestoreCombine-Community */,
				D76003AA2BAE897300AC36F3 /* FirebaseFirestoreSwift */,
				D76003AC2BAE897300AC36F3 /* FirebaseFunctions */,
				D76003AE2BAE897300AC36F3 /* FirebaseFunctionsCombine-Community */,
				D76003B02BAE897300AC36F3 /* FirebaseInAppMessaging-Beta */,
				D76003B22BAE897300AC36F3 /* FirebaseInAppMessagingSwift-Beta */,
				D76003B42BAE897300AC36F3 /* FirebaseInstallations */,
				D76003B62BAE897300AC36F3 /* FirebaseMLModelDownloader */,
				D76003B82BAE897300AC36F3 /* FirebaseMessaging */,
				D76003BA2BAE897300AC36F3 /* FirebasePerformance */,
				D76003BC2BAE897300AC36F3 /* FirebaseRemoteConfig */,
				D76003BE2BAE897300AC36F3 /* FirebaseRemoteConfigSwift */,
				D76003C02BAE897300AC36F3 /* FirebaseStorage */,
				D76003C22BAE897300AC36F3 /* FirebaseStorageCombine-Community */,
			);
			productName = "tap-rx-frontend";
			productReference = 202DDA3E2B69F7CF00BD3109 /* tap-rx-frontend.app */;
			productType = "com.apple.product-type.application";
		};
/* End PBXNativeTarget section */

/* Begin PBXProject section */
		202DDA362B69F7CF00BD3109 /* Project object */ = {
			isa = PBXProject;
			attributes = {
				BuildIndependentTargetsInParallel = 1;
				LastSwiftUpdateCheck = 1430;
				LastUpgradeCheck = 1530;
				TargetAttributes = {
					202DDA3D2B69F7CF00BD3109 = {
						CreatedOnToolsVersion = 14.3.1;
					};
				};
			};
			buildConfigurationList = 202DDA392B69F7CF00BD3109 /* Build configuration list for PBXProject "tap-rx-frontend" */;
			compatibilityVersion = "Xcode 14.0";
			developmentRegion = en;
			hasScannedForEncodings = 0;
			knownRegions = (
				en,
				Base,
			);
			mainGroup = 202DDA352B69F7CF00BD3109;
			packageReferences = (
				D7DB59AF2B83E57400FF60FF /* XCRemoteSwiftPackageReference "firebase-ios-sdk" */,
			);
			productRefGroup = 202DDA3F2B69F7CF00BD3109 /* Products */;
			projectDirPath = "";
			projectRoot = "";
			targets = (
				202DDA3D2B69F7CF00BD3109 /* tap-rx-frontend */,
			);
		};
/* End PBXProject section */

/* Begin PBXResourcesBuildPhase section */
		202DDA3C2B69F7CF00BD3109 /* Resources */ = {
			isa = PBXResourcesBuildPhase;
			buildActionMask = 2147483647;
			files = (
				D72AA5862B71768700EE58E8 /* Photo Assets.xcassets in Resources */,
				D7DB59AE2B83E4DC00FF60FF /* GoogleService-Info.plist in Resources */,
			);
			runOnlyForDeploymentPostprocessing = 0;
		};
/* End PBXResourcesBuildPhase section */

/* Begin PBXSourcesBuildPhase section */
		202DDA3A2B69F7CF00BD3109 /* Sources */ = {
			isa = PBXSourcesBuildPhase;
			buildActionMask = 2147483647;
			files = (
				D70ED4502BC636800095369F /* GetMedicationsAPITest.swift in Sources */,
				D7765A4F2BC9B3B500FBEB14 /* MedEvents.swift in Sources */,
				D7765A4D2BC9B14F00FBEB14 /* CreateMedEventAPITest.swift in Sources */,
				D72AA5882B752B7400EE58E8 /* AccountUserView.swift in Sources */,
				D7F4D3112B6CC22B007B3B7C /* SettingsUserView.swift in Sources */,
				D70ED45D2BC63D6A0095369F /* UpdateUserAPITest.swift in Sources */,
				D7DB59B72B8459E200FF60FF /* SplashScreenView.swift in Sources */,
				D7FAF8232B6B54CD00C0A303 /* LoginView.swift in Sources */,
				20E2C1012B6D59FA00F0AD6B /* UserView.swift in Sources */,
				D70ED4652BC651200095369F /* GetDependantsAPITest.swift in Sources */,
				D7F4D3132B6CC23C007B3B7C /* SettingsAccountView.swift in Sources */,
				D70ED4672BC651370095369F /* GetDependantByIdAPITest.swift in Sources */,
				20E2C0FF2B6D55FC00F0AD6B /* MedicationView.swift in Sources */,
				20899E502B6CD59D00987CE5 /* HomeView.swift in Sources */,
				D7F4D3042B6C8931007B3B7C /* Colors.swift in Sources */,
				D70ED4512BC636840095369F /* CreateMedicationAPITest.swift in Sources */,
				D70ED4602BC64AE80095369F /* CreateDependentAPITest.swift in Sources */,
				D70ED4592BC63D350095369F /* GetUsersAPITest.swift in Sources */,
				20E2C0FB2B6D433900F0AD6B /* CalendarView.swift in Sources */,
				D70ED4542BC6375E0095369F /* UpdateMedicationAPITest.swift in Sources */,
				D7F4D30D2B6CC070007B3B7C /* SettingsHomeView.swift in Sources */,
				D7D4B2012BC9F74C00E03C01 /* GetMedEventsByUserAPITest.swift in Sources */,
				D70ED4692BC651470095369F /* UpdateDependantByIdAPITest.swift in Sources */,
				D7F4D3162B6CC99F007B3B7C /* AccountManageView.swift in Sources */,
				D7F4D3002B6C713D007B3B7C /* LogoView.swift in Sources */,
				D70ED4572BC63D260095369F /* GetUserByIdAPITest.swift in Sources */,
				20E2C0FD2B6D466B00F0AD6B /* MainView.swift in Sources */,
				D70ED4632BC64C5E0095369F /* Dependants.swift in Sources */,
				D70ED45B2BC63D550095369F /* CreateUserAPITest.swift in Sources */,
				D7F4D30F2B6CC213007B3B7C /* SettingsHistoryView.swift in Sources */,
				D7F4D3062B6C92F3007B3B7C /* LockIcon.swift in Sources */,
				D70ED44E2BC634CD0095369F /* Medications.swift in Sources */,
				D7DB59702B83DEC800FF60FF /* User.swift in Sources */,
				D7FAF8252B6B54DD00C0A303 /* RegisterView.swift in Sources */,
				D70ED4522BC636880095369F /* GetMedicationByIdAPITest.swift in Sources */,
				D7FAF8272B6B54EE00C0A303 /* ForgotPasswordView.swift in Sources */,
				D70ED44F2BC636770095369F /* DeleteMedicationByIdAPITest.swift in Sources */,
				D70ED46B2BC651560095369F /* DeleteDependantByIdAPITest.swift in Sources */,
				202DDA422B69F7CF00BD3109 /* TapRxApp.swift in Sources */,
			);
			runOnlyForDeploymentPostprocessing = 0;
		};
/* End PBXSourcesBuildPhase section */

/* Begin XCBuildConfiguration section */
		202DDA4A2B69F7D100BD3109 /* Debug */ = {
			isa = XCBuildConfiguration;
			buildSettings = {
				ALWAYS_SEARCH_USER_PATHS = NO;
				ASSETCATALOG_COMPILER_GENERATE_SWIFT_ASSET_SYMBOL_EXTENSIONS = YES;
				CLANG_ANALYZER_NONNULL = YES;
				CLANG_ANALYZER_NUMBER_OBJECT_CONVERSION = YES_AGGRESSIVE;
				CLANG_CXX_LANGUAGE_STANDARD = "gnu++20";
				CLANG_ENABLE_MODULES = YES;
				CLANG_ENABLE_OBJC_ARC = YES;
				CLANG_ENABLE_OBJC_WEAK = YES;
				CLANG_WARN_BLOCK_CAPTURE_AUTORELEASING = YES;
				CLANG_WARN_BOOL_CONVERSION = YES;
				CLANG_WARN_COMMA = YES;
				CLANG_WARN_CONSTANT_CONVERSION = YES;
				CLANG_WARN_DEPRECATED_OBJC_IMPLEMENTATIONS = YES;
				CLANG_WARN_DIRECT_OBJC_ISA_USAGE = YES_ERROR;
				CLANG_WARN_DOCUMENTATION_COMMENTS = YES;
				CLANG_WARN_EMPTY_BODY = YES;
				CLANG_WARN_ENUM_CONVERSION = YES;
				CLANG_WARN_INFINITE_RECURSION = YES;
				CLANG_WARN_INT_CONVERSION = YES;
				CLANG_WARN_NON_LITERAL_NULL_CONVERSION = YES;
				CLANG_WARN_OBJC_IMPLICIT_RETAIN_SELF = YES;
				CLANG_WARN_OBJC_LITERAL_CONVERSION = YES;
				CLANG_WARN_OBJC_ROOT_CLASS = YES_ERROR;
				CLANG_WARN_QUOTED_INCLUDE_IN_FRAMEWORK_HEADER = YES;
				CLANG_WARN_RANGE_LOOP_ANALYSIS = YES;
				CLANG_WARN_STRICT_PROTOTYPES = YES;
				CLANG_WARN_SUSPICIOUS_MOVE = YES;
				CLANG_WARN_UNGUARDED_AVAILABILITY = YES_AGGRESSIVE;
				CLANG_WARN_UNREACHABLE_CODE = YES;
				CLANG_WARN__DUPLICATE_METHOD_MATCH = YES;
				COPY_PHASE_STRIP = NO;
				DEBUG_INFORMATION_FORMAT = dwarf;
				ENABLE_STRICT_OBJC_MSGSEND = YES;
				ENABLE_TESTABILITY = YES;
				ENABLE_USER_SCRIPT_SANDBOXING = YES;
				GCC_C_LANGUAGE_STANDARD = gnu11;
				GCC_DYNAMIC_NO_PIC = NO;
				GCC_NO_COMMON_BLOCKS = YES;
				GCC_OPTIMIZATION_LEVEL = 0;
				GCC_PREPROCESSOR_DEFINITIONS = (
					"DEBUG=1",
					"$(inherited)",
				);
				GCC_WARN_64_TO_32_BIT_CONVERSION = YES;
				GCC_WARN_ABOUT_RETURN_TYPE = YES_ERROR;
				GCC_WARN_UNDECLARED_SELECTOR = YES;
				GCC_WARN_UNINITIALIZED_AUTOS = YES_AGGRESSIVE;
				GCC_WARN_UNUSED_FUNCTION = YES;
				GCC_WARN_UNUSED_VARIABLE = YES;
				IPHONEOS_DEPLOYMENT_TARGET = 16.4;
				MTL_ENABLE_DEBUG_INFO = INCLUDE_SOURCE;
				MTL_FAST_MATH = YES;
				ONLY_ACTIVE_ARCH = YES;
				SDKROOT = iphoneos;
				SWIFT_ACTIVE_COMPILATION_CONDITIONS = DEBUG;
				SWIFT_OPTIMIZATION_LEVEL = "-Onone";
			};
			name = Debug;
		};
		202DDA4B2B69F7D100BD3109 /* Release */ = {
			isa = XCBuildConfiguration;
			buildSettings = {
				ALWAYS_SEARCH_USER_PATHS = NO;
				ASSETCATALOG_COMPILER_GENERATE_SWIFT_ASSET_SYMBOL_EXTENSIONS = YES;
				CLANG_ANALYZER_NONNULL = YES;
				CLANG_ANALYZER_NUMBER_OBJECT_CONVERSION = YES_AGGRESSIVE;
				CLANG_CXX_LANGUAGE_STANDARD = "gnu++20";
				CLANG_ENABLE_MODULES = YES;
				CLANG_ENABLE_OBJC_ARC = YES;
				CLANG_ENABLE_OBJC_WEAK = YES;
				CLANG_WARN_BLOCK_CAPTURE_AUTORELEASING = YES;
				CLANG_WARN_BOOL_CONVERSION = YES;
				CLANG_WARN_COMMA = YES;
				CLANG_WARN_CONSTANT_CONVERSION = YES;
				CLANG_WARN_DEPRECATED_OBJC_IMPLEMENTATIONS = YES;
				CLANG_WARN_DIRECT_OBJC_ISA_USAGE = YES_ERROR;
				CLANG_WARN_DOCUMENTATION_COMMENTS = YES;
				CLANG_WARN_EMPTY_BODY = YES;
				CLANG_WARN_ENUM_CONVERSION = YES;
				CLANG_WARN_INFINITE_RECURSION = YES;
				CLANG_WARN_INT_CONVERSION = YES;
				CLANG_WARN_NON_LITERAL_NULL_CONVERSION = YES;
				CLANG_WARN_OBJC_IMPLICIT_RETAIN_SELF = YES;
				CLANG_WARN_OBJC_LITERAL_CONVERSION = YES;
				CLANG_WARN_OBJC_ROOT_CLASS = YES_ERROR;
				CLANG_WARN_QUOTED_INCLUDE_IN_FRAMEWORK_HEADER = YES;
				CLANG_WARN_RANGE_LOOP_ANALYSIS = YES;
				CLANG_WARN_STRICT_PROTOTYPES = YES;
				CLANG_WARN_SUSPICIOUS_MOVE = YES;
				CLANG_WARN_UNGUARDED_AVAILABILITY = YES_AGGRESSIVE;
				CLANG_WARN_UNREACHABLE_CODE = YES;
				CLANG_WARN__DUPLICATE_METHOD_MATCH = YES;
				COPY_PHASE_STRIP = NO;
				DEBUG_INFORMATION_FORMAT = "dwarf-with-dsym";
				ENABLE_NS_ASSERTIONS = NO;
				ENABLE_STRICT_OBJC_MSGSEND = YES;
				ENABLE_USER_SCRIPT_SANDBOXING = YES;
				GCC_C_LANGUAGE_STANDARD = gnu11;
				GCC_NO_COMMON_BLOCKS = YES;
				GCC_WARN_64_TO_32_BIT_CONVERSION = YES;
				GCC_WARN_ABOUT_RETURN_TYPE = YES_ERROR;
				GCC_WARN_UNDECLARED_SELECTOR = YES;
				GCC_WARN_UNINITIALIZED_AUTOS = YES_AGGRESSIVE;
				GCC_WARN_UNUSED_FUNCTION = YES;
				GCC_WARN_UNUSED_VARIABLE = YES;
				IPHONEOS_DEPLOYMENT_TARGET = 16.4;
				MTL_ENABLE_DEBUG_INFO = NO;
				MTL_FAST_MATH = YES;
				SDKROOT = iphoneos;
				SWIFT_COMPILATION_MODE = wholemodule;
				SWIFT_OPTIMIZATION_LEVEL = "-O";
				VALIDATE_PRODUCT = YES;
			};
			name = Release;
		};
		202DDA4D2B69F7D100BD3109 /* Debug */ = {
			isa = XCBuildConfiguration;
			buildSettings = {
				ASSETCATALOG_COMPILER_APPICON_NAME = AppIcon;
				ASSETCATALOG_COMPILER_GLOBAL_ACCENT_COLOR_NAME = AccentColor;
				CODE_SIGN_STYLE = Automatic;
				CURRENT_PROJECT_VERSION = 1;
				DEVELOPMENT_ASSET_PATHS = "";
				DEVELOPMENT_TEAM = 3B9VE659MT;
				ENABLE_PREVIEWS = YES;
				GENERATE_INFOPLIST_FILE = YES;
				INFOPLIST_KEY_UIApplicationSceneManifest_Generation = YES;
				INFOPLIST_KEY_UIApplicationSupportsIndirectInputEvents = YES;
				INFOPLIST_KEY_UILaunchScreen_Generation = YES;
				INFOPLIST_KEY_UISupportedInterfaceOrientations_iPad = "UIInterfaceOrientationPortrait UIInterfaceOrientationPortraitUpsideDown UIInterfaceOrientationLandscapeLeft UIInterfaceOrientationLandscapeRight";
				INFOPLIST_KEY_UISupportedInterfaceOrientations_iPhone = "UIInterfaceOrientationPortrait UIInterfaceOrientationLandscapeLeft UIInterfaceOrientationLandscapeRight";
				LD_RUNPATH_SEARCH_PATHS = (
					"$(inherited)",
					"@executable_path/Frameworks",
				);
				MARKETING_VERSION = 1.0;
				PRODUCT_BUNDLE_IDENTIFIER = "com.taprx.tap-rx-frontend";
				PRODUCT_NAME = "$(TARGET_NAME)";
				SWIFT_EMIT_LOC_STRINGS = YES;
				SWIFT_VERSION = 5.0;
				TARGETED_DEVICE_FAMILY = "1,2";
			};
			name = Debug;
		};
		202DDA4E2B69F7D100BD3109 /* Release */ = {
			isa = XCBuildConfiguration;
			buildSettings = {
				ASSETCATALOG_COMPILER_APPICON_NAME = AppIcon;
				ASSETCATALOG_COMPILER_GLOBAL_ACCENT_COLOR_NAME = AccentColor;
				CODE_SIGN_STYLE = Automatic;
				CURRENT_PROJECT_VERSION = 1;
				DEVELOPMENT_ASSET_PATHS = "";
				DEVELOPMENT_TEAM = 3B9VE659MT;
				ENABLE_PREVIEWS = YES;
				GENERATE_INFOPLIST_FILE = YES;
				INFOPLIST_KEY_UIApplicationSceneManifest_Generation = YES;
				INFOPLIST_KEY_UIApplicationSupportsIndirectInputEvents = YES;
				INFOPLIST_KEY_UILaunchScreen_Generation = YES;
				INFOPLIST_KEY_UISupportedInterfaceOrientations_iPad = "UIInterfaceOrientationPortrait UIInterfaceOrientationPortraitUpsideDown UIInterfaceOrientationLandscapeLeft UIInterfaceOrientationLandscapeRight";
				INFOPLIST_KEY_UISupportedInterfaceOrientations_iPhone = "UIInterfaceOrientationPortrait UIInterfaceOrientationLandscapeLeft UIInterfaceOrientationLandscapeRight";
				LD_RUNPATH_SEARCH_PATHS = (
					"$(inherited)",
					"@executable_path/Frameworks",
				);
				MARKETING_VERSION = 1.0;
				PRODUCT_BUNDLE_IDENTIFIER = "com.taprx.tap-rx-frontend";
				PRODUCT_NAME = "$(TARGET_NAME)";
				SWIFT_EMIT_LOC_STRINGS = YES;
				SWIFT_VERSION = 5.0;
				TARGETED_DEVICE_FAMILY = "1,2";
			};
			name = Release;
		};
/* End XCBuildConfiguration section */

/* Begin XCConfigurationList section */
		202DDA392B69F7CF00BD3109 /* Build configuration list for PBXProject "tap-rx-frontend" */ = {
			isa = XCConfigurationList;
			buildConfigurations = (
				202DDA4A2B69F7D100BD3109 /* Debug */,
				202DDA4B2B69F7D100BD3109 /* Release */,
			);
			defaultConfigurationIsVisible = 0;
			defaultConfigurationName = Release;
		};
		202DDA4C2B69F7D100BD3109 /* Build configuration list for PBXNativeTarget "tap-rx-frontend" */ = {
			isa = XCConfigurationList;
			buildConfigurations = (
				202DDA4D2B69F7D100BD3109 /* Debug */,
				202DDA4E2B69F7D100BD3109 /* Release */,
			);
			defaultConfigurationIsVisible = 0;
			defaultConfigurationName = Release;
		};
/* End XCConfigurationList section */

/* Begin XCRemoteSwiftPackageReference section */
		D7DB59AF2B83E57400FF60FF /* XCRemoteSwiftPackageReference "firebase-ios-sdk" */ = {
			isa = XCRemoteSwiftPackageReference;
			repositoryURL = "https://github.com/firebase/firebase-ios-sdk.git";
			requirement = {
				kind = upToNextMajorVersion;
				minimumVersion = 10.21.0;
			};
		};
/* End XCRemoteSwiftPackageReference section */

/* Begin XCSwiftPackageProductDependency section */
		D76003922BAE897300AC36F3 /* FirebaseAnalytics */ = {
			isa = XCSwiftPackageProductDependency;
			package = D7DB59AF2B83E57400FF60FF /* XCRemoteSwiftPackageReference "firebase-ios-sdk" */;
			productName = FirebaseAnalytics;
		};
		D76003942BAE897300AC36F3 /* FirebaseAnalyticsOnDeviceConversion */ = {
			isa = XCSwiftPackageProductDependency;
			package = D7DB59AF2B83E57400FF60FF /* XCRemoteSwiftPackageReference "firebase-ios-sdk" */;
			productName = FirebaseAnalyticsOnDeviceConversion;
		};
		D76003962BAE897300AC36F3 /* FirebaseAnalyticsSwift */ = {
			isa = XCSwiftPackageProductDependency;
			package = D7DB59AF2B83E57400FF60FF /* XCRemoteSwiftPackageReference "firebase-ios-sdk" */;
			productName = FirebaseAnalyticsSwift;
		};
		D76003982BAE897300AC36F3 /* FirebaseAnalyticsWithoutAdIdSupport */ = {
			isa = XCSwiftPackageProductDependency;
			package = D7DB59AF2B83E57400FF60FF /* XCRemoteSwiftPackageReference "firebase-ios-sdk" */;
			productName = FirebaseAnalyticsWithoutAdIdSupport;
		};
		D760039A2BAE897300AC36F3 /* FirebaseAppCheck */ = {
			isa = XCSwiftPackageProductDependency;
			package = D7DB59AF2B83E57400FF60FF /* XCRemoteSwiftPackageReference "firebase-ios-sdk" */;
			productName = FirebaseAppCheck;
		};
		D760039C2BAE897300AC36F3 /* FirebaseAppDistribution-Beta */ = {
			isa = XCSwiftPackageProductDependency;
			package = D7DB59AF2B83E57400FF60FF /* XCRemoteSwiftPackageReference "firebase-ios-sdk" */;
			productName = "FirebaseAppDistribution-Beta";
		};
		D760039E2BAE897300AC36F3 /* FirebaseCrashlytics */ = {
			isa = XCSwiftPackageProductDependency;
			package = D7DB59AF2B83E57400FF60FF /* XCRemoteSwiftPackageReference "firebase-ios-sdk" */;
			productName = FirebaseCrashlytics;
		};
		D76003A02BAE897300AC36F3 /* FirebaseDatabase */ = {
			isa = XCSwiftPackageProductDependency;
			package = D7DB59AF2B83E57400FF60FF /* XCRemoteSwiftPackageReference "firebase-ios-sdk" */;
			productName = FirebaseDatabase;
		};
		D76003A22BAE897300AC36F3 /* FirebaseDatabaseSwift */ = {
			isa = XCSwiftPackageProductDependency;
			package = D7DB59AF2B83E57400FF60FF /* XCRemoteSwiftPackageReference "firebase-ios-sdk" */;
			productName = FirebaseDatabaseSwift;
		};
		D76003A42BAE897300AC36F3 /* FirebaseDynamicLinks */ = {
			isa = XCSwiftPackageProductDependency;
			package = D7DB59AF2B83E57400FF60FF /* XCRemoteSwiftPackageReference "firebase-ios-sdk" */;
			productName = FirebaseDynamicLinks;
		};
		D76003A62BAE897300AC36F3 /* FirebaseFirestore */ = {
			isa = XCSwiftPackageProductDependency;
			package = D7DB59AF2B83E57400FF60FF /* XCRemoteSwiftPackageReference "firebase-ios-sdk" */;
			productName = FirebaseFirestore;
		};
		D76003A82BAE897300AC36F3 /* FirebaseFirestoreCombine-Community */ = {
			isa = XCSwiftPackageProductDependency;
			package = D7DB59AF2B83E57400FF60FF /* XCRemoteSwiftPackageReference "firebase-ios-sdk" */;
			productName = "FirebaseFirestoreCombine-Community";
		};
		D76003AA2BAE897300AC36F3 /* FirebaseFirestoreSwift */ = {
			isa = XCSwiftPackageProductDependency;
			package = D7DB59AF2B83E57400FF60FF /* XCRemoteSwiftPackageReference "firebase-ios-sdk" */;
			productName = FirebaseFirestoreSwift;
		};
		D76003AC2BAE897300AC36F3 /* FirebaseFunctions */ = {
			isa = XCSwiftPackageProductDependency;
			package = D7DB59AF2B83E57400FF60FF /* XCRemoteSwiftPackageReference "firebase-ios-sdk" */;
			productName = FirebaseFunctions;
		};
		D76003AE2BAE897300AC36F3 /* FirebaseFunctionsCombine-Community */ = {
			isa = XCSwiftPackageProductDependency;
			package = D7DB59AF2B83E57400FF60FF /* XCRemoteSwiftPackageReference "firebase-ios-sdk" */;
			productName = "FirebaseFunctionsCombine-Community";
		};
		D76003B02BAE897300AC36F3 /* FirebaseInAppMessaging-Beta */ = {
			isa = XCSwiftPackageProductDependency;
			package = D7DB59AF2B83E57400FF60FF /* XCRemoteSwiftPackageReference "firebase-ios-sdk" */;
			productName = "FirebaseInAppMessaging-Beta";
		};
		D76003B22BAE897300AC36F3 /* FirebaseInAppMessagingSwift-Beta */ = {
			isa = XCSwiftPackageProductDependency;
			package = D7DB59AF2B83E57400FF60FF /* XCRemoteSwiftPackageReference "firebase-ios-sdk" */;
			productName = "FirebaseInAppMessagingSwift-Beta";
		};
		D76003B42BAE897300AC36F3 /* FirebaseInstallations */ = {
			isa = XCSwiftPackageProductDependency;
			package = D7DB59AF2B83E57400FF60FF /* XCRemoteSwiftPackageReference "firebase-ios-sdk" */;
			productName = FirebaseInstallations;
		};
		D76003B62BAE897300AC36F3 /* FirebaseMLModelDownloader */ = {
			isa = XCSwiftPackageProductDependency;
			package = D7DB59AF2B83E57400FF60FF /* XCRemoteSwiftPackageReference "firebase-ios-sdk" */;
			productName = FirebaseMLModelDownloader;
		};
		D76003B82BAE897300AC36F3 /* FirebaseMessaging */ = {
			isa = XCSwiftPackageProductDependency;
			package = D7DB59AF2B83E57400FF60FF /* XCRemoteSwiftPackageReference "firebase-ios-sdk" */;
			productName = FirebaseMessaging;
		};
		D76003BA2BAE897300AC36F3 /* FirebasePerformance */ = {
			isa = XCSwiftPackageProductDependency;
			package = D7DB59AF2B83E57400FF60FF /* XCRemoteSwiftPackageReference "firebase-ios-sdk" */;
			productName = FirebasePerformance;
		};
		D76003BC2BAE897300AC36F3 /* FirebaseRemoteConfig */ = {
			isa = XCSwiftPackageProductDependency;
			package = D7DB59AF2B83E57400FF60FF /* XCRemoteSwiftPackageReference "firebase-ios-sdk" */;
			productName = FirebaseRemoteConfig;
		};
		D76003BE2BAE897300AC36F3 /* FirebaseRemoteConfigSwift */ = {
			isa = XCSwiftPackageProductDependency;
			package = D7DB59AF2B83E57400FF60FF /* XCRemoteSwiftPackageReference "firebase-ios-sdk" */;
			productName = FirebaseRemoteConfigSwift;
		};
		D76003C02BAE897300AC36F3 /* FirebaseStorage */ = {
			isa = XCSwiftPackageProductDependency;
			package = D7DB59AF2B83E57400FF60FF /* XCRemoteSwiftPackageReference "firebase-ios-sdk" */;
			productName = FirebaseStorage;
		};
		D76003C22BAE897300AC36F3 /* FirebaseStorageCombine-Community */ = {
			isa = XCSwiftPackageProductDependency;
			package = D7DB59AF2B83E57400FF60FF /* XCRemoteSwiftPackageReference "firebase-ios-sdk" */;
			productName = "FirebaseStorageCombine-Community";
		};
		D7DB59B02B83E57400FF60FF /* FirebaseAuth */ = {
			isa = XCSwiftPackageProductDependency;
			package = D7DB59AF2B83E57400FF60FF /* XCRemoteSwiftPackageReference "firebase-ios-sdk" */;
			productName = FirebaseAuth;
		};
		D7DB59B22B83E57400FF60FF /* FirebaseAuthCombine-Community */ = {
			isa = XCSwiftPackageProductDependency;
			package = D7DB59AF2B83E57400FF60FF /* XCRemoteSwiftPackageReference "firebase-ios-sdk" */;
			productName = "FirebaseAuthCombine-Community";
		};
/* End XCSwiftPackageProductDependency section */
	};
	rootObject = 202DDA362B69F7CF00BD3109 /* Project object */;
}
